{
  "object": {
    "pins": [
      {
        "package": "Bits",
        "repositoryURL": "https://github.com/vapor/bits.git",
        "state": {
          "branch": null,
          "revision": "c32f5e6ae2007dccd21a92b7e33eba842dd80d2f",
          "version": "1.1.0"
        }
      },
      {
        "package": "SSCommonCrypto",
        "repositoryURL": "https://github.com/daltoniam/common-crypto-spm",
        "state": {
          "branch": null,
          "revision": "2eb3aff0fb57f92f5722fac5d6d20bf64669ca66",
          "version": "1.1.0"
        }
      },
      {
        "package": "Core",
        "repositoryURL": "https://github.com/vapor/core.git",
        "state": {
          "branch": null,
          "revision": "f9f3a585ab0ea5764b46d7a36d9c0d9d508b9c63",
          "version": "2.2.0"
        }
      },
      {
        "package": "Debugging",
        "repositoryURL": "https://github.com/vapor/debugging.git",
        "state": {
          "branch": null,
          "revision": "fc5a27d6eb236141dc24e5f14eedaa2e035ae7b3",
          "version": "1.1.1"
        }
      },
      {
        "package": "PennyCore",
        "repositoryURL": "/Users/loganwright/Desktop/penny-core",
        "state": {
          "branch": "master",
          "revision": "cb905d0e6018237d152b69791a6ebb762fc645f5",
          "version": null
        }
      },
      {
        "package": "Sockets",
        "repositoryURL": "https://github.com/vapor/sockets.git",
        "state": {
          "branch": null,
          "revision": "79fc180cdcb451dbbb01b1156be36720adde80e0",
          "version": "2.2.3"
        }
      },
      {
        "package": "Sodium",
        "repositoryURL": "https://github.com/Azoy/Sodium",
        "state": {
          "branch": null,
          "revision": "7708d654e26c76e245becdbcc507a427d4808c1f",
          "version": "1.1.0"
        }
      },
      {
        "package": "Starscream",
        "repositoryURL": "https://github.com/daltoniam/Starscream.git",
        "state": {
          "branch": null,
          "revision": "114e5df9b6251970a069e8f1c0cbb5802759f0a9",
          "version": "3.0.5"
        }
      },
      {
        "package": "Sword",
        "repositoryURL": "https://github.com/azoy/sword",
        "state": {
          "branch": null,
          "revision": "1b94ee1dfbfd9b2c78f2f298b2b10968befccef4",
          "version": "0.9.0"
        }
      },
      {
        "package": "SSCZLib",
        "repositoryURL": "https://github.com/daltoniam/zlib-spm.git",
        "state": {
          "branch": null,
          "revision": "83ac8d719a2f3aa775dbdf116a57f56fb2c49abb",
          "version": "1.1.0"
        }
      }
    ]
  },
  "version": 1
}
